
Microsoft Visual Studio Solution File, Format Version 12.00
# Visual Studio 2013
VisualStudioVersion = 12.0.21005.1
MinimumVisualStudioVersion = 10.0.40219.1
Project("{FAE04EC0-301F-11D3-BF4B-00C04F79EFBC}") = "Swap_Delegado", "Swap_Delegado\Swap_Delegado.csproj", "{00BABD9A-E6C5-4688-B6B8-C7D30B86BC3E}"
EndProject
Global
	GlobalSection(SolutionConfigurationPlatforms) = preSolution
		Debug|Any CPU = Debug|Any CPU
		Release|Any CPU = Release|Any CPU
	EndGlobalSection
	GlobalSection(ProjectConfigurationPlatforms) = postSolution
		{00BABD9A-E6C5-4688-B6B8-C7D30B86BC3E}.Debug|Any CPU.ActiveCfg = Debug|Any CPU
		{00BABD9A-E6C5-4688-B6B8-C7D30B86BC3E}.Debug|Any CPU.Build.0 = Debug|Any CPU
		{00BABD9A-E6C5-4688-B6B8-C7D30B86BC3E}.Release|Any CPU.ActiveCfg = Release|Any CPU
		{00BABD9A-E6C5-4688-B6B8-C7D30B86BC3E}.Release|Any CPU.Build.0 = Release|Any CPU
	EndGlobalSection
	GlobalSection(SolutionProperties) = preSolution
		HideSolutionNode = FALSE
	EndGlobalSection
EndGlobal
